
Microsoft Visual Studio Solution File, Format Version 12.00
# Visual Studio 15
VisualStudioVersion = 15.0.28307.645
MinimumVisualStudioVersion = 10.0.40219.1
Project("{FAE04EC0-301F-11D3-BF4B-00C04F79EFBC}") = "VehicleRegistrationSystem", "VehicleRegistrationSystem\VehicleRegistrationSystem.csproj", "{B05DC323-81FE-4824-82B5-49C6305C46D7}"
EndProject
Global
	GlobalSection(SolutionConfigurationPlatforms) = preSolution
		Debug|Any CPU = Debug|Any CPU
		Release|Any CPU = Release|Any CPU
	EndGlobalSection
	GlobalSection(ProjectConfigurationPlatforms) = postSolution
		{B05DC323-81FE-4824-82B5-49C6305C46D7}.Debug|Any CPU.ActiveCfg = Debug|Any CPU
		{B05DC323-81FE-4824-82B5-49C6305C46D7}.Debug|Any CPU.Build.0 = Debug|Any CPU
		{B05DC323-81FE-4824-82B5-49C6305C46D7}.Release|Any CPU.ActiveCfg = Release|Any CPU
		{B05DC323-81FE-4824-82B5-49C6305C46D7}.Release|Any CPU.Build.0 = Release|Any CPU
	EndGlobalSection
	GlobalSection(SolutionProperties) = preSolution
		HideSolutionNode = FALSE
	EndGlobalSection
	GlobalSection(ExtensibilityGlobals) = postSolution
		SolutionGuid = {023418F4-2E02-472C-8F06-C612B63915AA}
	EndGlobalSection
EndGlobal
